// !$*UTF8*$!
{
	archiveVersion = 1;
	classes = {
	};
	objectVersion = 48;
	objects = {

/* Begin PBXBuildFile section */
		54155E941FD0A1A1002C86CD /* GOTTableViewController.swift in Sources */ = {isa = PBXBuildFile; fileRef = 54155E931FD0A1A1002C86CD /* GOTTableViewController.swift */; };
		54155E961FD0A1B1002C86CD /* PodcastsTableViewController.swift in Sources */ = {isa = PBXBuildFile; fileRef = 54155E951FD0A1B1002C86CD /* PodcastsTableViewController.swift */; };
		54407BA21FBE049200C8CB81 /* podcastinfo.json in Resources */ = {isa = PBXBuildFile; fileRef = 54407BA11FBE049200C8CB81 /* podcastinfo.json */; };
		54407BA41FBE04DE00C8CB81 /* PodInfo.swift in Sources */ = {isa = PBXBuildFile; fileRef = 54407BA31FBE04DE00C8CB81 /* PodInfo.swift */; };
		54882D9C1FBDF932000FBDA8 /* AppDelegate.swift in Sources */ = {isa = PBXBuildFile; fileRef = 54882D9B1FBDF932000FBDA8 /* AppDelegate.swift */; };
		54882DA11FBDF932000FBDA8 /* Main.storyboard in Resources */ = {isa = PBXBuildFile; fileRef = 54882D9F1FBDF932000FBDA8 /* Main.storyboard */; };
		54882DA31FBDF932000FBDA8 /* Assets.xcassets in Resources */ = {isa = PBXBuildFile; fileRef = 54882DA21FBDF932000FBDA8 /* Assets.xcassets */; };
		54882DA61FBDF932000FBDA8 /* LaunchScreen.storyboard in Resources */ = {isa = PBXBuildFile; fileRef = 54882DA41FBDF932000FBDA8 /* LaunchScreen.storyboard */; };
		54882DAE1FBDF954000FBDA8 /* gameofthronesinfo.json in Resources */ = {isa = PBXBuildFile; fileRef = 54882DAD1FBDF954000FBDA8 /* gameofthronesinfo.json */; };
		54882DB01FBDFA06000FBDA8 /* GOTEpisode.swift in Sources */ = {isa = PBXBuildFile; fileRef = 54882DAF1FBDFA06000FBDA8 /* GOTEpisode.swift */; };
/* End PBXBuildFile section */

/* Begin PBXFileReference section */
		54155E931FD0A1A1002C86CD /* GOTTableViewController.swift */ = {isa = PBXFileReference; lastKnownFileType = sourcecode.swift; path = GOTTableViewController.swift; sourceTree = "<group>"; };
		54155E951FD0A1B1002C86CD /* PodcastsTableViewController.swift */ = {isa = PBXFileReference; lastKnownFileType = sourcecode.swift; path = PodcastsTableViewController.swift; sourceTree = "<group>"; };
		54407BA11FBE049200C8CB81 /* podcastinfo.json */ = {isa = PBXFileReference; lastKnownFileType = text.json; path = podcastinfo.json; sourceTree = SOURCE_ROOT; };
		54407BA31FBE04DE00C8CB81 /* PodInfo.swift */ = {isa = PBXFileReference; lastKnownFileType = sourcecode.swift; path = PodInfo.swift; sourceTree = "<group>"; };
		54882D981FBDF932000FBDA8 /* ParsingJSONGOT-Codable.app */ = {isa = PBXFileReference; explicitFileType = wrapper.application; includeInIndex = 0; path = "ParsingJSONGOT-Codable.app"; sourceTree = BUILT_PRODUCTS_DIR; };
		54882D9B1FBDF932000FBDA8 /* AppDelegate.swift */ = {isa = PBXFileReference; lastKnownFileType = sourcecode.swift; path = AppDelegate.swift; sourceTree = "<group>"; };
		54882DA01FBDF932000FBDA8 /* Base */ = {isa = PBXFileReference; lastKnownFileType = file.storyboard; name = Base; path = Base.lproj/Main.storyboard; sourceTree = "<group>"; };
		54882DA21FBDF932000FBDA8 /* Assets.xcassets */ = {isa = PBXFileReference; lastKnownFileType = folder.assetcatalog; path = Assets.xcassets; sourceTree = "<group>"; };
		54882DA51FBDF932000FBDA8 /* Base */ = {isa = PBXFileReference; lastKnownFileType = file.storyboard; name = Base; path = Base.lproj/LaunchScreen.storyboard; sourceTree = "<group>"; };
		54882DA71FBDF932000FBDA8 /* Info.plist */ = {isa = PBXFileReference; lastKnownFileType = text.plist.xml; path = Info.plist; sourceTree = "<group>"; };
		54882DAD1FBDF954000FBDA8 /* gameofthronesinfo.json */ = {isa = PBXFileReference; lastKnownFileType = text.json; path = gameofthronesinfo.json; sourceTree = "<group>"; };
		54882DAF1FBDFA06000FBDA8 /* GOTEpisode.swift */ = {isa = PBXFileReference; lastKnownFileType = sourcecode.swift; path = GOTEpisode.swift; sourceTree = "<group>"; };
/* End PBXFileReference section */

/* Begin PBXFrameworksBuildPhase section */
		54882D951FBDF932000FBDA8 /* Frameworks */ = {
			isa = PBXFrameworksBuildPhase;
			buildActionMask = 2147483647;
			files = (
			);
			runOnlyForDeploymentPostprocessing = 0;
		};
/* End PBXFrameworksBuildPhase section */

/* Begin PBXGroup section */
		54155E911FD0A050002C86CD /* Supporting Files */ = {
			isa = PBXGroup;
			children = (
				54882D9B1FBDF932000FBDA8 /* AppDelegate.swift */,
				54882D9F1FBDF932000FBDA8 /* Main.storyboard */,
				54882DA21FBDF932000FBDA8 /* Assets.xcassets */,
				54882DA41FBDF932000FBDA8 /* LaunchScreen.storyboard */,
			);
			path = "Supporting Files";
			sourceTree = "<group>";
		};
		54155E921FD0A05D002C86CD /* Models */ = {
			isa = PBXGroup;
			children = (
				54407BA31FBE04DE00C8CB81 /* PodInfo.swift */,
				54882DAF1FBDFA06000FBDA8 /* GOTEpisode.swift */,
			);
			path = Models;
			sourceTree = "<group>";
		};
		54155E971FD0A2DA002C86CD /* View Controllers */ = {
			isa = PBXGroup;
			children = (
				54155E931FD0A1A1002C86CD /* GOTTableViewController.swift */,
				54155E951FD0A1B1002C86CD /* PodcastsTableViewController.swift */,
			);
			path = "View Controllers";
			sourceTree = "<group>";
		};
		54882D8F1FBDF932000FBDA8 = {
			isa = PBXGroup;
			children = (
				54882DAD1FBDF954000FBDA8 /* gameofthronesinfo.json */,
				54407BA11FBE049200C8CB81 /* podcastinfo.json */,
				54882D9A1FBDF932000FBDA8 /* ParsingJSONGOT-Codable */,
				54882D991FBDF932000FBDA8 /* Products */,
			);
			sourceTree = "<group>";
		};
		54882D991FBDF932000FBDA8 /* Products */ = {
			isa = PBXGroup;
			children = (
				54882D981FBDF932000FBDA8 /* ParsingJSONGOT-Codable.app */,
			);
			name = Products;
			sourceTree = "<group>";
		};
		54882D9A1FBDF932000FBDA8 /* ParsingJSONGOT-Codable */ = {
			isa = PBXGroup;
			children = (
				54155E921FD0A05D002C86CD /* Models */,
				54155E911FD0A050002C86CD /* Supporting Files */,
				54155E971FD0A2DA002C86CD /* View Controllers */,
				54882DA71FBDF932000FBDA8 /* Info.plist */,
			);
			path = "ParsingJSONGOT-Codable";
			sourceTree = "<group>";
		};
/* End PBXGroup section */

/* Begin PBXNativeTarget section */
		54882D971FBDF932000FBDA8 /* ParsingJSONGOT-Codable */ = {
			isa = PBXNativeTarget;
			buildConfigurationList = 54882DAA1FBDF932000FBDA8 /* Build configuration list for PBXNativeTarget "ParsingJSONGOT-Codable" */;
			buildPhases = (
				54882D941FBDF932000FBDA8 /* Sources */,
				54882D951FBDF932000FBDA8 /* Frameworks */,
				54882D961FBDF932000FBDA8 /* Resources */,
			);
			buildRules = (
			);
			dependencies = (
			);
			name = "ParsingJSONGOT-Codable";
			productName = "ParsingJSONGOT-Codable";
			productReference = 54882D981FBDF932000FBDA8 /* ParsingJSONGOT-Codable.app */;
			productType = "com.apple.product-type.application";
		};
/* End PBXNativeTarget section */

/* Begin PBXProject section */
		54882D901FBDF932000FBDA8 /* Project object */ = {
			isa = PBXProject;
			attributes = {
				LastSwiftUpdateCheck = 0900;
				LastUpgradeCheck = 0900;
				ORGANIZATIONNAME = "C4Q ";
				TargetAttributes = {
					54882D971FBDF932000FBDA8 = {
						CreatedOnToolsVersion = 9.0;
						ProvisioningStyle = Automatic;
					};
				};
			};
			buildConfigurationList = 54882D931FBDF932000FBDA8 /* Build configuration list for PBXProject "ParsingJSONGOT-Codable" */;
			compatibilityVersion = "Xcode 8.0";
			developmentRegion = en;
			hasScannedForEncodings = 0;
			knownRegions = (
				en,
				Base,
			);
			mainGroup = 54882D8F1FBDF932000FBDA8;
			productRefGroup = 54882D991FBDF932000FBDA8 /* Products */;
			projectDirPath = "";
			projectRoot = "";
			targets = (
				54882D971FBDF932000FBDA8 /* ParsingJSONGOT-Codable */,
			);
		};
/* End PBXProject section */

/* Begin PBXResourcesBuildPhase section */
		54882D961FBDF932000FBDA8 /* Resources */ = {
			isa = PBXResourcesBuildPhase;
			buildActionMask = 2147483647;
			files = (
				54882DAE1FBDF954000FBDA8 /* gameofthronesinfo.json in Resources */,
				54882DA61FBDF932000FBDA8 /* LaunchScreen.storyboard in Resources */,
				54407BA21FBE049200C8CB81 /* podcastinfo.json in Resources */,
				54882DA31FBDF932000FBDA8 /* Assets.xcassets in Resources */,
				54882DA11FBDF932000FBDA8 /* Main.storyboard in Resources */,
			);
			runOnlyForDeploymentPostprocessing = 0;
		};
/* End PBXResourcesBuildPhase section */

/* Begin PBXSourcesBuildPhase section */
		54882D941FBDF932000FBDA8 /* Sources */ = {
			isa = PBXSourcesBuildPhase;
			buildActionMask = 2147483647;
			files = (
				54155E961FD0A1B1002C86CD /* PodcastsTableViewController.swift in Sources */,
				54882D9C1FBDF932000FBDA8 /* AppDelegate.swift in Sources */,
				54882DB01FBDFA06000FBDA8 /* GOTEpisode.swift in Sources */,
				54407BA41FBE04DE00C8CB81 /* PodInfo.swift in Sources */,
				54155E941FD0A1A1002C86CD /* GOTTableViewController.swift in Sources */,
			);
			runOnlyForDeploymentPostprocessing = 0;
		};
/* End PBXSourcesBuildPhase section */

/* Begin PBXVariantGroup section */
		54882D9F1FBDF932000FBDA8 /* Main.storyboard */ = {
			isa = PBXVariantGroup;
			children = (
				54882DA01FBDF932000FBDA8 /* Base */,
			);
			name = Main.storyboard;
			sourceTree = "<group>";
		};
		54882DA41FBDF932000FBDA8 /* LaunchScreen.storyboard */ = {
			isa = PBXVariantGroup;
			children = (
				54882DA51FBDF932000FBDA8 /* Base */,
			);
			name = LaunchScreen.storyboard;
			sourceTree = "<group>";
		};
/* End PBXVariantGroup section */

/* Begin XCBuildConfiguration section */
		54882DA81FBDF932000FBDA8 /* Debug */ = {
			isa = XCBuildConfiguration;
			buildSettings = {
				ALWAYS_SEARCH_USER_PATHS = NO;
				CLANG_ANALYZER_NONNULL = YES;
				CLANG_ANALYZER_NUMBER_OBJECT_CONVERSION = YES_AGGRESSIVE;
				CLANG_CXX_LANGUAGE_STANDARD = "gnu++14";
				CLANG_CXX_LIBRARY = "libc++";
				CLANG_ENABLE_MODULES = YES;
				CLANG_ENABLE_OBJC_ARC = YES;
				CLANG_WARN_BLOCK_CAPTURE_AUTORELEASING = YES;
				CLANG_WARN_BOOL_CONVERSION = YES;
				CLANG_WARN_COMMA = YES;
				CLANG_WARN_CONSTANT_CONVERSION = YES;
				CLANG_WARN_DIRECT_OBJC_ISA_USAGE = YES_ERROR;
				CLANG_WARN_DOCUMENTATION_COMMENTS = YES;
				CLANG_WARN_EMPTY_BODY = YES;
				CLANG_WARN_ENUM_CONVERSION = YES;
				CLANG_WARN_INFINITE_RECURSION = YES;
				CLANG_WARN_INT_CONVERSION = YES;
				CLANG_WARN_NON_LITERAL_NULL_CONVERSION = YES;
				CLANG_WARN_OBJC_LITERAL_CONVERSION = YES;
				CLANG_WARN_OBJC_ROOT_CLASS = YES_ERROR;
				CLANG_WARN_RANGE_LOOP_ANALYSIS = YES;
				CLANG_WARN_STRICT_PROTOTYPES = YES;
				CLANG_WARN_SUSPICIOUS_MOVE = YES;
				CLANG_WARN_UNGUARDED_AVAILABILITY = YES_AGGRESSIVE;
				CLANG_WARN_UNREACHABLE_CODE = YES;
				CLANG_WARN__DUPLICATE_METHOD_MATCH = YES;
				CODE_SIGN_IDENTITY = "iPhone Developer";
				COPY_PHASE_STRIP = NO;
				DEBUG_INFORMATION_FORMAT = dwarf;
				ENABLE_STRICT_OBJC_MSGSEND = YES;
				ENABLE_TESTABILITY = YES;
				GCC_C_LANGUAGE_STANDARD = gnu11;
				GCC_DYNAMIC_NO_PIC = NO;
				GCC_NO_COMMON_BLOCKS = YES;
				GCC_OPTIMIZATION_LEVEL = 0;
				GCC_PREPROCESSOR_DEFINITIONS = (
					"DEBUG=1",
					"$(inherited)",
				);
				GCC_WARN_64_TO_32_BIT_CONVERSION = YES;
				GCC_WARN_ABOUT_RETURN_TYPE = YES_ERROR;
				GCC_WARN_UNDECLARED_SELECTOR = YES;
				GCC_WARN_UNINITIALIZED_AUTOS = YES_AGGRESSIVE;
				GCC_WARN_UNUSED_FUNCTION = YES;
				GCC_WARN_UNUSED_VARIABLE = YES;
				IPHONEOS_DEPLOYMENT_TARGET = 11.0;
				MTL_ENABLE_DEBUG_INFO = YES;
				ONLY_ACTIVE_ARCH = YES;
				SDKROOT = iphoneos;
				SWIFT_ACTIVE_COMPILATION_CONDITIONS = DEBUG;
				SWIFT_OPTIMIZATION_LEVEL = "-Onone";
			};
			name = Debug;
		};
		54882DA91FBDF932000FBDA8 /* Release */ = {
			isa = XCBuildConfiguration;
			buildSettings = {
				ALWAYS_SEARCH_USER_PATHS = NO;
				CLANG_ANALYZER_NONNULL = YES;
				CLANG_ANALYZER_NUMBER_OBJECT_CONVERSION = YES_AGGRESSIVE;
				CLANG_CXX_LANGUAGE_STANDARD = "gnu++14";
				CLANG_CXX_LIBRARY = "libc++";
				CLANG_ENABLE_MODULES = YES;
				CLANG_ENABLE_OBJC_ARC = YES;
				CLANG_WARN_BLOCK_CAPTURE_AUTORELEASING = YES;
				CLANG_WARN_BOOL_CONVERSION = YES;
				CLANG_WARN_COMMA = YES;
				CLANG_WARN_CONSTANT_CONVERSION = YES;
				CLANG_WARN_DIRECT_OBJC_ISA_USAGE = YES_ERROR;
				CLANG_WARN_DOCUMENTATION_COMMENTS = YES;
				CLANG_WARN_EMPTY_BODY = YES;
				CLANG_WARN_ENUM_CONVERSION = YES;
				CLANG_WARN_INFINITE_RECURSION = YES;
				CLANG_WARN_INT_CONVERSION = YES;
				CLANG_WARN_NON_LITERAL_NULL_CONVERSION = YES;
				CLANG_WARN_OBJC_LITERAL_CONVERSION = YES;
				CLANG_WARN_OBJC_ROOT_CLASS = YES_ERROR;
				CLANG_WARN_RANGE_LOOP_ANALYSIS = YES;
				CLANG_WARN_STRICT_PROTOTYPES = YES;
				CLANG_WARN_SUSPICIOUS_MOVE = YES;
				CLANG_WARN_UNGUARDED_AVAILABILITY = YES_AGGRESSIVE;
				CLANG_WARN_UNREACHABLE_CODE = YES;
				CLANG_WARN__DUPLICATE_METHOD_MATCH = YES;
				CODE_SIGN_IDENTITY = "iPhone Developer";
				COPY_PHASE_STRIP = NO;
				DEBUG_INFORMATION_FORMAT = "dwarf-with-dsym";
				ENABLE_NS_ASSERTIONS = NO;
				ENABLE_STRICT_OBJC_MSGSEND = YES;
				GCC_C_LANGUAGE_STANDARD = gnu11;
				GCC_NO_COMMON_BLOCKS = YES;
				GCC_WARN_64_TO_32_BIT_CONVERSION = YES;
				GCC_WARN_ABOUT_RETURN_TYPE = YES_ERROR;
				GCC_WARN_UNDECLARED_SELECTOR = YES;
				GCC_WARN_UNINITIALIZED_AUTOS = YES_AGGRESSIVE;
				GCC_WARN_UNUSED_FUNCTION = YES;
				GCC_WARN_UNUSED_VARIABLE = YES;
				IPHONEOS_DEPLOYMENT_TARGET = 11.0;
				MTL_ENABLE_DEBUG_INFO = NO;
				SDKROOT = iphoneos;
				SWIFT_OPTIMIZATION_LEVEL = "-Owholemodule";
				VALIDATE_PRODUCT = YES;
			};
			name = Release;
		};
		54882DAB1FBDF932000FBDA8 /* Debug */ = {
			isa = XCBuildConfiguration;
			buildSettings = {
				ASSETCATALOG_COMPILER_APPICON_NAME = AppIcon;
				CODE_SIGN_STYLE = Automatic;
				INFOPLIST_FILE = "ParsingJSONGOT-Codable/Info.plist";
				LD_RUNPATH_SEARCH_PATHS = "$(inherited) @executable_path/Frameworks";
				PRODUCT_BUNDLE_IDENTIFIER = "c4q.ParsingJSONGOT-Codable";
				PRODUCT_NAME = "$(TARGET_NAME)";
				SWIFT_VERSION = 4.0;
				TARGETED_DEVICE_FAMILY = "1,2";
			};
			name = Debug;
		};
		54882DAC1FBDF932000FBDA8 /* Release */ = {
			isa = XCBuildConfiguration;
			buildSettings = {
				ASSETCATALOG_COMPILER_APPICON_NAME = AppIcon;
				CODE_SIGN_STYLE = Automatic;
				INFOPLIST_FILE = "ParsingJSONGOT-Codable/Info.plist";
				LD_RUNPATH_SEARCH_PATHS = "$(inherited) @executable_path/Frameworks";
				PRODUCT_BUNDLE_IDENTIFIER = "c4q.ParsingJSONGOT-Codable";
				PRODUCT_NAME = "$(TARGET_NAME)";
				SWIFT_VERSION = 4.0;
				TARGETED_DEVICE_FAMILY = "1,2";
			};
			name = Release;
		};
/* End XCBuildConfiguration section */

/* Begin XCConfigurationList section */
		54882D931FBDF932000FBDA8 /* Build configuration list for PBXProject "ParsingJSONGOT-Codable" */ = {
			isa = XCConfigurationList;
			buildConfigurations = (
				54882DA81FBDF932000FBDA8 /* Debug */,
				54882DA91FBDF932000FBDA8 /* Release */,
			);
			defaultConfigurationIsVisible = 0;
			defaultConfigurationName = Release;
		};
		54882DAA1FBDF932000FBDA8 /* Build configuration list for PBXNativeTarget "ParsingJSONGOT-Codable" */ = {
			isa = XCConfigurationList;
			buildConfigurations = (
				54882DAB1FBDF932000FBDA8 /* Debug */,
				54882DAC1FBDF932000FBDA8 /* Release */,
			);
			defaultConfigurationIsVisible = 0;
			defaultConfigurationName = Release;
		};
/* End XCConfigurationList section */
	};
	rootObject = 54882D901FBDF932000FBDA8 /* Project object */;
}
